
Microsoft Visual Studio Solution File, Format Version 12.00
# Visual Studio 15
VisualStudioVersion = 15.0.27703.2042
MinimumVisualStudioVersion = 10.0.40219.1
Project("{FAE04EC0-301F-11D3-BF4B-00C04F79EFBC}") = "PatternApp", "PatternApp\PatternApp.csproj", "{378CCE32-48C0-4521-A839-D8609135644B}"
EndProject
Global
	GlobalSection(SolutionConfigurationPlatforms) = preSolution
		Debug|Any CPU = Debug|Any CPU
		Release|Any CPU = Release|Any CPU
	EndGlobalSection
	GlobalSection(ProjectConfigurationPlatforms) = postSolution
		{378CCE32-48C0-4521-A839-D8609135644B}.Debug|Any CPU.ActiveCfg = Debug|Any CPU
		{378CCE32-48C0-4521-A839-D8609135644B}.Debug|Any CPU.Build.0 = Debug|Any CPU
		{378CCE32-48C0-4521-A839-D8609135644B}.Release|Any CPU.ActiveCfg = Release|Any CPU
		{378CCE32-48C0-4521-A839-D8609135644B}.Release|Any CPU.Build.0 = Release|Any CPU
	EndGlobalSection
	GlobalSection(SolutionProperties) = preSolution
		HideSolutionNode = FALSE
	EndGlobalSection
	GlobalSection(ExtensibilityGlobals) = postSolution
		SolutionGuid = {39E082B4-1449-4FC7-9862-72B25A2A78DD}
	EndGlobalSection
EndGlobal
